
Microsoft Visual Studio Solution File, Format Version 12.00
# Visual Studio Version 16
VisualStudioVersion = 16.0.30711.63
MinimumVisualStudioVersion = 10.0.40219.1
Project("{9A19103F-16F7-4668-BE54-9A1E7A4F7556}") = "KazanExpedicao", "KazanExpedicao\KazanExpedicao.csproj", "{56D89AEE-CFB9-49D3-A9B6-6EDB32D64418}"
EndProject
Project("{FAE04EC0-301F-11D3-BF4B-00C04F79EFBC}") = "KazanWF", "KazanWF\KazanWF.csproj", "{CCFBC6FA-8C22-4D75-B9F4-12A6F8AAD622}"
EndProject
Global
	GlobalSection(SolutionConfigurationPlatforms) = preSolution
		Debug|Any CPU = Debug|Any CPU
		Release|Any CPU = Release|Any CPU
	EndGlobalSection
	GlobalSection(ProjectConfigurationPlatforms) = postSolution
		{56D89AEE-CFB9-49D3-A9B6-6EDB32D64418}.Debug|Any CPU.ActiveCfg = Debug|Any CPU
		{56D89AEE-CFB9-49D3-A9B6-6EDB32D64418}.Debug|Any CPU.Build.0 = Debug|Any CPU
		{56D89AEE-CFB9-49D3-A9B6-6EDB32D64418}.Release|Any CPU.ActiveCfg = Release|Any CPU
		{56D89AEE-CFB9-49D3-A9B6-6EDB32D64418}.Release|Any CPU.Build.0 = Release|Any CPU
		{CCFBC6FA-8C22-4D75-B9F4-12A6F8AAD622}.Debug|Any CPU.ActiveCfg = Debug|Any CPU
		{CCFBC6FA-8C22-4D75-B9F4-12A6F8AAD622}.Debug|Any CPU.Build.0 = Debug|Any CPU
		{CCFBC6FA-8C22-4D75-B9F4-12A6F8AAD622}.Release|Any CPU.ActiveCfg = Release|Any CPU
		{CCFBC6FA-8C22-4D75-B9F4-12A6F8AAD622}.Release|Any CPU.Build.0 = Release|Any CPU
	EndGlobalSection
	GlobalSection(SolutionProperties) = preSolution
		HideSolutionNode = FALSE
	EndGlobalSection
	GlobalSection(ExtensibilityGlobals) = postSolution
		SolutionGuid = {FEAC8DFE-7E8E-4ABD-9951-39DB804E7C02}
	EndGlobalSection
EndGlobal
